<?xml version="1.0" encoding="utf-8"?>
<Project ToolsVersion="4.0" xmlns="http://schemas.microsoft.com/developer/msbuild/2003">
  <ItemGroup>
    <Filter Include="Source Files">
      <UniqueIdentifier>{4FC737F1-C7A5-4376-A066-2A32D752A2FF}</UniqueIdentifier>
      <Extensions>cpp;c;cc;cxx;c++;cppm;ixx;def;odl;idl;hpj;bat;asm;asmx</Extensions>
    </Filter>
    <Filter Include="Header Files">
      <UniqueIdentifier>{93995380-89BD-4b04-88EB-625FBE52EBFB}</UniqueIdentifier>
      <Extensions>h;hh;hpp;hxx;h++;hm;inl;inc;ipp;xsd</Extensions>
    </Filter>
    <Filter Include="Resource Files">
      <UniqueIdentifier>{67DA6AB6-F800-4c08-8B7A-83BB121AAD01}</UniqueIdentifier>
      <Extensions>rc;ico;cur;bmp;dlg;rc2;rct;bin;rgs;gif;jpg;jpeg;jpe;resx;tiff;tif;png;wav;mfcribbon-ms</Extensions>
    </Filter>
    <Filter Include="Resource Files\image">
      <UniqueIdentifier>{c2e03b68-7723-463e-9217-b88b72014634}</UniqueIdentifier>
    </Filter>
    <Filter Include="Resource Files\font">
      <UniqueIdentifier>{e9cc3084-c9d7-4508-a676-cc46ddfc3bf7}</UniqueIdentifier>
    </Filter>
    <Filter Include="Resource Files\sound">
      <UniqueIdentifier>{2ca51eba-3e54-405b-8998-023b662b3ec1}</UniqueIdentifier>
    </Filter>
    <Filter Include="Resource Files\txt">
      <UniqueIdentifier>{314b7650-71ed-4aed-8a5a-b71e479f2026}</UniqueIdentifier>
    </Filter>
  </ItemGroup>
  <ItemGroup>
    <ClCompile Include="old_main.cpp">
      <Filter>Source Files</Filter>
    </ClCompile>
    <ClCompile Include="main.cpp">
      <Filter>Source Files</Filter>
    </ClCompile>
    <ClCompile Include="Car.cpp">
      <Filter>Source Files</Filter>
    </ClCompile>
    <ClCompile Include="Obstacle.cpp">
      <Filter>Source Files</Filter>
    </ClCompile>
    <ClCompile Include="Game.cpp">
      <Filter>Source Files</Filter>
    </ClCompile>
    <ClCompile Include="CompareScore.cpp">
      <Filter>Source Files</Filter>
    </ClCompile>
  </ItemGroup>
  <ItemGroup>
    <Image Include="car1.png">
      <Filter>Resource Files\image</Filter>
    </Image>
    <Image Include="mainCar.png">
      <Filter>Resource Files\image</Filter>
    </Image>
    <Image Include="road_map.png">
      <Filter>Resource Files\image</Filter>
    </Image>
    <Image Include="car2.png">
      <Filter>Resource Files\image</Filter>
    </Image>
    <Image Include="car3.png">
      <Filter>Resource Files\image</Filter>
    </Image>
    <Image Include="car4.png">
      <Filter>Resource Files\image</Filter>
    </Image>
    <Image Include="barrier.png">
      <Filter>Resource Files\image</Filter>
    </Image>
  </ItemGroup>
  <ItemGroup>
    <Font Include="BitcountPropDouble.ttf">
      <Filter>Resource Files\font</Filter>
    </Font>
  </ItemGroup>
  <ItemGroup>
    <Media Include="car_accelerate_sound.wav">
      <Filter>Resource Files\sound</Filter>
    </Media>
    <Media Include="car_brake_sound.wav">
      <Filter>Resource Files\sound</Filter>
    </Media>
    <Media Include="car_collision_sound.wav">
      <Filter>Resource Files\sound</Filter>
    </Media>
    <Media Include="game_background_music.wav">
      <Filter>Resource Files\sound</Filter>
    </Media>
    <Media Include="menu_theme_music.wav">
      <Filter>Resource Files\sound</Filter>
    </Media>
    <Media Include="car_engine_sound.wav">
      <Filter>Resource Files\sound</Filter>
    </Media>
  </ItemGroup>
  <ItemGroup>
    <ClInclude Include="Car.h">
      <Filter>Header Files</Filter>
    </ClInclude>
    <ClInclude Include="Obstacle.h">
      <Filter>Header Files</Filter>
    </ClInclude>
    <ClInclude Include="CompareScore.h">
      <Filter>Header Files</Filter>
    </ClInclude>
    <ClInclude Include="Game.h">
      <Filter>Header Files</Filter>
    </ClInclude>
  </ItemGroup>
  <ItemGroup>
    <Text Include="high_scores.txt">
      <Filter>Resource Files\txt</Filter>
    </Text>
  </ItemGroup>
</Project>